
Microsoft Visual Studio Solution File, Format Version 12.00
# Visual Studio Version 17
VisualStudioVersion = 17.5.002.0
MinimumVisualStudioVersion = 10.0.40219.1
Project("{9A19103F-16F7-4668-BE54-9A1E7A4F7556}") = "TestAPI", "TestAPI.csproj", "{259931D9-2FB9-4B71-A3D1-FA305155CA3D}"
EndProject
Global
	GlobalSection(SolutionConfigurationPlatforms) = preSolution
		Debug|Any CPU = Debug|Any CPU
		Release|Any CPU = Release|Any CPU
	EndGlobalSection
	GlobalSection(ProjectConfigurationPlatforms) = postSolution
		{259931D9-2FB9-4B71-A3D1-FA305155CA3D}.Debug|Any CPU.ActiveCfg = Debug|Any CPU
		{259931D9-2FB9-4B71-A3D1-FA305155CA3D}.Debug|Any CPU.Build.0 = Debug|Any CPU
		{259931D9-2FB9-4B71-A3D1-FA305155CA3D}.Release|Any CPU.ActiveCfg = Release|Any CPU
		{259931D9-2FB9-4B71-A3D1-FA305155CA3D}.Release|Any CPU.Build.0 = Release|Any CPU
	EndGlobalSection
	GlobalSection(SolutionProperties) = preSolution
		HideSolutionNode = FALSE
	EndGlobalSection
	GlobalSection(ExtensibilityGlobals) = postSolution
		SolutionGuid = {0456B0D3-982D-47E0-B665-17B880458CEA}
	EndGlobalSection
EndGlobal
